{
	"name": "@ryancavanaugh/pkg2",
	"version": "3.0.2",
	"lockfileVersion": 1,
	"requires": true,
	"dependencies": {
		"@ryancavanaugh/pkg1": {
			"version": "3.0.2",
			"resolved": "https://registry.npmjs.org/@ryancavanaugh/pkg1/-/pkg1-3.0.2.tgz",
			"integrity": "sha512-0HW8tSxqV8xeApAoYmlEnTPlaPBhAVvBvcxhU8dNETthzZp1Xa0DwpWqg2Y46NB922RmVjxsKaYsVhH1bLvIvg=="
		},
		"typescript": {
			"version": "3.4.5",
			"resolved": "https://registry.npmjs.org/typescript/-/typescript-3.4.5.tgz",
			"integrity": "sha512-YycBxUb49UUhdNMU5aJ7z5Ej2XGmaIBL0x34vZ82fn3hGvD+bgrMrVDpatgz2f7YxUMJxMkbWxJZeAvDxVe7Vw==",
			"dev": true
		}
	}
}
