{
	"name": "@ryancavanaugh/pkg2",
	"version": "3.0.2",
	"lockfileVersion": 1,
	"requires": true,
	"dependencies": {
		"@feathersjs/commons": {
			"version": "4.0.0",
			"resolved": "https://registry.npmjs.org/@feathersjs/commons/-/commons-4.0.0.tgz",
			"integrity": "sha512-hyCLse4RiNt7WLPQ0KSudjoVnwiRykhYzIZdtDon9i2usPaoYkFw/fEYZrkE5HVB+sUTwphZoZ1oOntRk1MShg=="
		},
		"@feathersjs/feathers": {
			"version": "3.3.1",
			"resolved": "https://registry.npmjs.org/@feathersjs/feathers/-/feathers-3.3.1.tgz",
			"integrity": "sha512-Mb7Maz03TIIksomXeInmXNb5ykxgsAyBCuJDQHK+oIDrDRR9m+ZbUrslCkMk/s0nr6cW5DmVbWz9s11SCXFW5A==",
			"requires": {
				"@feathersjs/commons": "^4.0.0",
				"debug": "^4.0.0",
				"events": "^3.0.0",
				"uberproto": "^2.0.2"
			}
		},
		"@ryancavanaugh/pkg1": {
			"version": "3.0.2",
			"resolved": "https://registry.npmjs.org/@ryancavanaugh/pkg1/-/pkg1-3.0.2.tgz",
			"integrity": "sha512-0HW8tSxqV8xeApAoYmlEnTPlaPBhAVvBvcxhU8dNETthzZp1Xa0DwpWqg2Y46NB922RmVjxsKaYsVhH1bLvIvg=="
		},
		"@types/feathersjs__feathers": {
			"version": "3.1.5",
			"resolved": "https://registry.npmjs.org/@types/feathersjs__feathers/-/feathersjs__feathers-3.1.5.tgz",
			"integrity": "sha512-sv8sIp59wVLpDQs2Mo3t437KQxUCFSS0JrGjMcjLSdvFzjHB81IhHhVHnH5g4VBUa6Yt4INr1eOEq/Ql0Ij9+g==",
			"dev": true,
			"requires": {
				"@types/node": "*"
			}
		},
		"@types/node": {
			"version": "12.0.7",
			"resolved": "https://registry.npmjs.org/@types/node/-/node-12.0.7.tgz",
			"integrity": "sha512-1YKeT4JitGgE4SOzyB9eMwO0nGVNkNEsm9qlIt1Lqm/tG2QEiSMTD4kS3aO6L+w5SClLVxALmIBESK6Mk5wX0A==",
			"dev": true
		},
		"debug": {
			"version": "4.1.1",
			"resolved": "https://registry.npmjs.org/debug/-/debug-4.1.1.tgz",
			"integrity": "sha512-pYAIzeRo8J6KPEaJ0VWOh5Pzkbw/RetuzehGM7QRRX5he4fPHx2rdKMB256ehJCkX+XRQm16eZLqLNS8RSZXZw==",
			"requires": {
				"ms": "^2.1.1"
			}
		},
		"events": {
			"version": "3.0.0",
			"resolved": "https://registry.npmjs.org/events/-/events-3.0.0.tgz",
			"integrity": "sha512-Dc381HFWJzEOhQ+d8pkNon++bk9h6cdAoAj4iE6Q4y6xgTzySWXlKn05/TVNpjnfRqi/X0EpJEJohPjNI3zpVA=="
		},
		"ms": {
			"version": "2.1.2",
			"resolved": "https://registry.npmjs.org/ms/-/ms-2.1.2.tgz",
			"integrity": "sha512-sGkPx+VjMtmA6MX27oA4FBFELFCZZ4S4XqeGOXCv68tT+jb3vk/RyaKWP0PTKyWtmLSM0b+adUTEvbs1PEaH2w=="
		},
		"typescript": {
			"version": "3.4.5",
			"resolved": "https://registry.npmjs.org/typescript/-/typescript-3.4.5.tgz",
			"integrity": "sha512-YycBxUb49UUhdNMU5aJ7z5Ej2XGmaIBL0x34vZ82fn3hGvD+bgrMrVDpatgz2f7YxUMJxMkbWxJZeAvDxVe7Vw==",
			"dev": true
		},
		"uberproto": {
			"version": "2.0.4",
			"resolved": "https://registry.npmjs.org/uberproto/-/uberproto-2.0.4.tgz",
			"integrity": "sha512-c/5xjTcztW9XVhrkCycHQRBIAxww5JpDKk/q0zc2tVdQn6ZQvnChWgLvQaWAT1Al5JvRyvloUI15ad41m6dYwg=="
		}
	}
}
